// !$*UTF8*$!
{
	archiveVersion = 1;
	classes = {
	};
	objectVersion = 56;
	objects = {

/* Begin PBXBuildFile section */
		021FB60B295AD95D00767503 /* AppDelegate.swift in Sources */ = {isa = PBXBuildFile; fileRef = 021FB60A295AD95D00767503 /* AppDelegate.swift */; };
		021FB60D295AD95D00767503 /* SceneDelegate.swift in Sources */ = {isa = PBXBuildFile; fileRef = 021FB60C295AD95D00767503 /* SceneDelegate.swift */; };
		021FB60F295AD95D00767503 /* ViewController.swift in Sources */ = {isa = PBXBuildFile; fileRef = 021FB60E295AD95D00767503 /* ViewController.swift */; };
		021FB612295AD95D00767503 /* Main.storyboard in Resources */ = {isa = PBXBuildFile; fileRef = 021FB610295AD95D00767503 /* Main.storyboard */; };
		021FB614295AD95F00767503 /* Assets.xcassets in Resources */ = {isa = PBXBuildFile; fileRef = 021FB613295AD95F00767503 /* Assets.xcassets */; };
		021FB617295AD95F00767503 /* LaunchScreen.storyboard in Resources */ = {isa = PBXBuildFile; fileRef = 021FB615295AD95F00767503 /* LaunchScreen.storyboard */; };
		021FB622295AD95F00767503 /* TestNaviTests.swift in Sources */ = {isa = PBXBuildFile; fileRef = 021FB621295AD95F00767503 /* TestNaviTests.swift */; };
		021FB62C295AD95F00767503 /* TestNaviUITests.swift in Sources */ = {isa = PBXBuildFile; fileRef = 021FB62B295AD95F00767503 /* TestNaviUITests.swift */; };
		021FB62E295AD95F00767503 /* TestNaviUITestsLaunchTests.swift in Sources */ = {isa = PBXBuildFile; fileRef = 021FB62D295AD95F00767503 /* TestNaviUITestsLaunchTests.swift */; };
		021FB63B295ADA0600767503 /* ViewControllerTest.swift in Sources */ = {isa = PBXBuildFile; fileRef = 021FB63A295ADA0600767503 /* ViewControllerTest.swift */; };
		021FB63D295AE3D100767503 /* ViewControllerTest2.swift in Sources */ = {isa = PBXBuildFile; fileRef = 021FB63C295AE3D100767503 /* ViewControllerTest2.swift */; };
		021FB63F295AE53600767503 /* ViewControllerTest3.swift in Sources */ = {isa = PBXBuildFile; fileRef = 021FB63E295AE53600767503 /* ViewControllerTest3.swift */; };
		021FB641295AEE2300767503 /* BaseViewController.swift in Sources */ = {isa = PBXBuildFile; fileRef = 021FB640295AEE2300767503 /* BaseViewController.swift */; };
/* End PBXBuildFile section */

/* Begin PBXContainerItemProxy section */
		021FB61E295AD95F00767503 /* PBXContainerItemProxy */ = {
			isa = PBXContainerItemProxy;
			containerPortal = 021FB5FF295AD95D00767503 /* Project object */;
			proxyType = 1;
			remoteGlobalIDString = 021FB606295AD95D00767503;
			remoteInfo = TestNavi;
		};
		021FB628295AD95F00767503 /* PBXContainerItemProxy */ = {
			isa = PBXContainerItemProxy;
			containerPortal = 021FB5FF295AD95D00767503 /* Project object */;
			proxyType = 1;
			remoteGlobalIDString = 021FB606295AD95D00767503;
			remoteInfo = TestNavi;
		};
/* End PBXContainerItemProxy section */

/* Begin PBXFileReference section */
		021FB607295AD95D00767503 /* TestNavi.app */ = {isa = PBXFileReference; explicitFileType = wrapper.application; includeInIndex = 0; path = TestNavi.app; sourceTree = BUILT_PRODUCTS_DIR; };
		021FB60A295AD95D00767503 /* AppDelegate.swift */ = {isa = PBXFileReference; lastKnownFileType = sourcecode.swift; path = AppDelegate.swift; sourceTree = "<group>"; };
		021FB60C295AD95D00767503 /* SceneDelegate.swift */ = {isa = PBXFileReference; lastKnownFileType = sourcecode.swift; path = SceneDelegate.swift; sourceTree = "<group>"; };
		021FB60E295AD95D00767503 /* ViewController.swift */ = {isa = PBXFileReference; lastKnownFileType = sourcecode.swift; path = ViewController.swift; sourceTree = "<group>"; };
		021FB611295AD95D00767503 /* Base */ = {isa = PBXFileReference; lastKnownFileType = file.storyboard; name = Base; path = Base.lproj/Main.storyboard; sourceTree = "<group>"; };
		021FB613295AD95F00767503 /* Assets.xcassets */ = {isa = PBXFileReference; lastKnownFileType = folder.assetcatalog; path = Assets.xcassets; sourceTree = "<group>"; };
		021FB616295AD95F00767503 /* Base */ = {isa = PBXFileReference; lastKnownFileType = file.storyboard; name = Base; path = Base.lproj/LaunchScreen.storyboard; sourceTree = "<group>"; };
		021FB618295AD95F00767503 /* Info.plist */ = {isa = PBXFileReference; lastKnownFileType = text.plist.xml; path = Info.plist; sourceTree = "<group>"; };
		021FB61D295AD95F00767503 /* TestNaviTests.xctest */ = {isa = PBXFileReference; explicitFileType = wrapper.cfbundle; includeInIndex = 0; path = TestNaviTests.xctest; sourceTree = BUILT_PRODUCTS_DIR; };
		021FB621295AD95F00767503 /* TestNaviTests.swift */ = {isa = PBXFileReference; lastKnownFileType = sourcecode.swift; path = TestNaviTests.swift; sourceTree = "<group>"; };
		021FB627295AD95F00767503 /* TestNaviUITests.xctest */ = {isa = PBXFileReference; explicitFileType = wrapper.cfbundle; includeInIndex = 0; path = TestNaviUITests.xctest; sourceTree = BUILT_PRODUCTS_DIR; };
		021FB62B295AD95F00767503 /* TestNaviUITests.swift */ = {isa = PBXFileReference; lastKnownFileType = sourcecode.swift; path = TestNaviUITests.swift; sourceTree = "<group>"; };
		021FB62D295AD95F00767503 /* TestNaviUITestsLaunchTests.swift */ = {isa = PBXFileReference; lastKnownFileType = sourcecode.swift; path = TestNaviUITestsLaunchTests.swift; sourceTree = "<group>"; };
		021FB63A295ADA0600767503 /* ViewControllerTest.swift */ = {isa = PBXFileReference; fileEncoding = 4; lastKnownFileType = sourcecode.swift; path = ViewControllerTest.swift; sourceTree = "<group>"; };
		021FB63C295AE3D100767503 /* ViewControllerTest2.swift */ = {isa = PBXFileReference; lastKnownFileType = sourcecode.swift; path = ViewControllerTest2.swift; sourceTree = "<group>"; };
		021FB63E295AE53600767503 /* ViewControllerTest3.swift */ = {isa = PBXFileReference; lastKnownFileType = sourcecode.swift; path = ViewControllerTest3.swift; sourceTree = "<group>"; };
		021FB640295AEE2300767503 /* BaseViewController.swift */ = {isa = PBXFileReference; lastKnownFileType = sourcecode.swift; path = BaseViewController.swift; sourceTree = "<group>"; };
/* End PBXFileReference section */

/* Begin PBXFrameworksBuildPhase section */
		021FB604295AD95D00767503 /* Frameworks */ = {
			isa = PBXFrameworksBuildPhase;
			buildActionMask = 2147483647;
			files = (
			);
			runOnlyForDeploymentPostprocessing = 0;
		};
		021FB61A295AD95F00767503 /* Frameworks */ = {
			isa = PBXFrameworksBuildPhase;
			buildActionMask = 2147483647;
			files = (
			);
			runOnlyForDeploymentPostprocessing = 0;
		};
		021FB624295AD95F00767503 /* Frameworks */ = {
			isa = PBXFrameworksBuildPhase;
			buildActionMask = 2147483647;
			files = (
			);
			runOnlyForDeploymentPostprocessing = 0;
		};
/* End PBXFrameworksBuildPhase section */

/* Begin PBXGroup section */
		021FB5FE295AD95D00767503 = {
			isa = PBXGroup;
			children = (
				021FB609295AD95D00767503 /* TestNavi */,
				021FB620295AD95F00767503 /* TestNaviTests */,
				021FB62A295AD95F00767503 /* TestNaviUITests */,
				021FB608295AD95D00767503 /* Products */,
			);
			sourceTree = "<group>";
		};
		021FB608295AD95D00767503 /* Products */ = {
			isa = PBXGroup;
			children = (
				021FB607295AD95D00767503 /* TestNavi.app */,
				021FB61D295AD95F00767503 /* TestNaviTests.xctest */,
				021FB627295AD95F00767503 /* TestNaviUITests.xctest */,
			);
			name = Products;
			sourceTree = "<group>";
		};
		021FB609295AD95D00767503 /* TestNavi */ = {
			isa = PBXGroup;
			children = (
				021FB60A295AD95D00767503 /* AppDelegate.swift */,
				021FB60C295AD95D00767503 /* SceneDelegate.swift */,
				021FB60E295AD95D00767503 /* ViewController.swift */,
				021FB640295AEE2300767503 /* BaseViewController.swift */,
				021FB63A295ADA0600767503 /* ViewControllerTest.swift */,
				021FB63C295AE3D100767503 /* ViewControllerTest2.swift */,
				021FB63E295AE53600767503 /* ViewControllerTest3.swift */,
				021FB610295AD95D00767503 /* Main.storyboard */,
				021FB613295AD95F00767503 /* Assets.xcassets */,
				021FB615295AD95F00767503 /* LaunchScreen.storyboard */,
				021FB618295AD95F00767503 /* Info.plist */,
			);
			path = TestNavi;
			sourceTree = "<group>";
		};
		021FB620295AD95F00767503 /* TestNaviTests */ = {
			isa = PBXGroup;
			children = (
				021FB621295AD95F00767503 /* TestNaviTests.swift */,
			);
			path = TestNaviTests;
			sourceTree = "<group>";
		};
		021FB62A295AD95F00767503 /* TestNaviUITests */ = {
			isa = PBXGroup;
			children = (
				021FB62B295AD95F00767503 /* TestNaviUITests.swift */,
				021FB62D295AD95F00767503 /* TestNaviUITestsLaunchTests.swift */,
			);
			path = TestNaviUITests;
			sourceTree = "<group>";
		};
/* End PBXGroup section */

/* Begin PBXNativeTarget section */
		021FB606295AD95D00767503 /* TestNavi */ = {
			isa = PBXNativeTarget;
			buildConfigurationList = 021FB631295AD95F00767503 /* Build configuration list for PBXNativeTarget "TestNavi" */;
			buildPhases = (
				021FB603295AD95D00767503 /* Sources */,
				021FB604295AD95D00767503 /* Frameworks */,
				021FB605295AD95D00767503 /* Resources */,
			);
			buildRules = (
			);
			dependencies = (
			);
			name = TestNavi;
			productName = TestNavi;
			productReference = 021FB607295AD95D00767503 /* TestNavi.app */;
			productType = "com.apple.product-type.application";
		};
		021FB61C295AD95F00767503 /* TestNaviTests */ = {
			isa = PBXNativeTarget;
			buildConfigurationList = 021FB634295AD95F00767503 /* Build configuration list for PBXNativeTarget "TestNaviTests" */;
			buildPhases = (
				021FB619295AD95F00767503 /* Sources */,
				021FB61A295AD95F00767503 /* Frameworks */,
				021FB61B295AD95F00767503 /* Resources */,
			);
			buildRules = (
			);
			dependencies = (
				021FB61F295AD95F00767503 /* PBXTargetDependency */,
			);
			name = TestNaviTests;
			productName = TestNaviTests;
			productReference = 021FB61D295AD95F00767503 /* TestNaviTests.xctest */;
			productType = "com.apple.product-type.bundle.unit-test";
		};
		021FB626295AD95F00767503 /* TestNaviUITests */ = {
			isa = PBXNativeTarget;
			buildConfigurationList = 021FB637295AD95F00767503 /* Build configuration list for PBXNativeTarget "TestNaviUITests" */;
			buildPhases = (
				021FB623295AD95F00767503 /* Sources */,
				021FB624295AD95F00767503 /* Frameworks */,
				021FB625295AD95F00767503 /* Resources */,
			);
			buildRules = (
			);
			dependencies = (
				021FB629295AD95F00767503 /* PBXTargetDependency */,
			);
			name = TestNaviUITests;
			productName = TestNaviUITests;
			productReference = 021FB627295AD95F00767503 /* TestNaviUITests.xctest */;
			productType = "com.apple.product-type.bundle.ui-testing";
		};
/* End PBXNativeTarget section */

/* Begin PBXProject section */
		021FB5FF295AD95D00767503 /* Project object */ = {
			isa = PBXProject;
			attributes = {
				BuildIndependentTargetsInParallel = 1;
				LastSwiftUpdateCheck = 1410;
				LastUpgradeCheck = 1410;
				TargetAttributes = {
					021FB606295AD95D00767503 = {
						CreatedOnToolsVersion = 14.1;
					};
					021FB61C295AD95F00767503 = {
						CreatedOnToolsVersion = 14.1;
						TestTargetID = 021FB606295AD95D00767503;
					};
					021FB626295AD95F00767503 = {
						CreatedOnToolsVersion = 14.1;
						TestTargetID = 021FB606295AD95D00767503;
					};
				};
			};
			buildConfigurationList = 021FB602295AD95D00767503 /* Build configuration list for PBXProject "TestNavi" */;
			compatibilityVersion = "Xcode 14.0";
			developmentRegion = en;
			hasScannedForEncodings = 0;
			knownRegions = (
				en,
				Base,
			);
			mainGroup = 021FB5FE295AD95D00767503;
			productRefGroup = 021FB608295AD95D00767503 /* Products */;
			projectDirPath = "";
			projectRoot = "";
			targets = (
				021FB606295AD95D00767503 /* TestNavi */,
				021FB61C295AD95F00767503 /* TestNaviTests */,
				021FB626295AD95F00767503 /* TestNaviUITests */,
			);
		};
/* End PBXProject section */

/* Begin PBXResourcesBuildPhase section */
		021FB605295AD95D00767503 /* Resources */ = {
			isa = PBXResourcesBuildPhase;
			buildActionMask = 2147483647;
			files = (
				021FB617295AD95F00767503 /* LaunchScreen.storyboard in Resources */,
				021FB614295AD95F00767503 /* Assets.xcassets in Resources */,
				021FB612295AD95D00767503 /* Main.storyboard in Resources */,
			);
			runOnlyForDeploymentPostprocessing = 0;
		};
		021FB61B295AD95F00767503 /* Resources */ = {
			isa = PBXResourcesBuildPhase;
			buildActionMask = 2147483647;
			files = (
			);
			runOnlyForDeploymentPostprocessing = 0;
		};
		021FB625295AD95F00767503 /* Resources */ = {
			isa = PBXResourcesBuildPhase;
			buildActionMask = 2147483647;
			files = (
			);
			runOnlyForDeploymentPostprocessing = 0;
		};
/* End PBXResourcesBuildPhase section */

/* Begin PBXSourcesBuildPhase section */
		021FB603295AD95D00767503 /* Sources */ = {
			isa = PBXSourcesBuildPhase;
			buildActionMask = 2147483647;
			files = (
				021FB63F295AE53600767503 /* ViewControllerTest3.swift in Sources */,
				021FB60F295AD95D00767503 /* ViewController.swift in Sources */,
				021FB60B295AD95D00767503 /* AppDelegate.swift in Sources */,
				021FB63D295AE3D100767503 /* ViewControllerTest2.swift in Sources */,
				021FB63B295ADA0600767503 /* ViewControllerTest.swift in Sources */,
				021FB641295AEE2300767503 /* BaseViewController.swift in Sources */,
				021FB60D295AD95D00767503 /* SceneDelegate.swift in Sources */,
			);
			runOnlyForDeploymentPostprocessing = 0;
		};
		021FB619295AD95F00767503 /* Sources */ = {
			isa = PBXSourcesBuildPhase;
			buildActionMask = 2147483647;
			files = (
				021FB622295AD95F00767503 /* TestNaviTests.swift in Sources */,
			);
			runOnlyForDeploymentPostprocessing = 0;
		};
		021FB623295AD95F00767503 /* Sources */ = {
			isa = PBXSourcesBuildPhase;
			buildActionMask = 2147483647;
			files = (
				021FB62E295AD95F00767503 /* TestNaviUITestsLaunchTests.swift in Sources */,
				021FB62C295AD95F00767503 /* TestNaviUITests.swift in Sources */,
			);
			runOnlyForDeploymentPostprocessing = 0;
		};
/* End PBXSourcesBuildPhase section */

/* Begin PBXTargetDependency section */
		021FB61F295AD95F00767503 /* PBXTargetDependency */ = {
			isa = PBXTargetDependency;
			target = 021FB606295AD95D00767503 /* TestNavi */;
			targetProxy = 021FB61E295AD95F00767503 /* PBXContainerItemProxy */;
		};
		021FB629295AD95F00767503 /* PBXTargetDependency */ = {
			isa = PBXTargetDependency;
			target = 021FB606295AD95D00767503 /* TestNavi */;
			targetProxy = 021FB628295AD95F00767503 /* PBXContainerItemProxy */;
		};
/* End PBXTargetDependency section */

/* Begin PBXVariantGroup section */
		021FB610295AD95D00767503 /* Main.storyboard */ = {
			isa = PBXVariantGroup;
			children = (
				021FB611295AD95D00767503 /* Base */,
			);
			name = Main.storyboard;
			sourceTree = "<group>";
		};
		021FB615295AD95F00767503 /* LaunchScreen.storyboard */ = {
			isa = PBXVariantGroup;
			children = (
				021FB616295AD95F00767503 /* Base */,
			);
			name = LaunchScreen.storyboard;
			sourceTree = "<group>";
		};
/* End PBXVariantGroup section */

/* Begin XCBuildConfiguration section */
		021FB62F295AD95F00767503 /* Debug */ = {
			isa = XCBuildConfiguration;
			buildSettings = {
				ALWAYS_SEARCH_USER_PATHS = NO;
				CLANG_ANALYZER_NONNULL = YES;
				CLANG_ANALYZER_NUMBER_OBJECT_CONVERSION = YES_AGGRESSIVE;
				CLANG_CXX_LANGUAGE_STANDARD = "gnu++20";
				CLANG_ENABLE_MODULES = YES;
				CLANG_ENABLE_OBJC_ARC = YES;
				CLANG_ENABLE_OBJC_WEAK = YES;
				CLANG_WARN_BLOCK_CAPTURE_AUTORELEASING = YES;
				CLANG_WARN_BOOL_CONVERSION = YES;
				CLANG_WARN_COMMA = YES;
				CLANG_WARN_CONSTANT_CONVERSION = YES;
				CLANG_WARN_DEPRECATED_OBJC_IMPLEMENTATIONS = YES;
				CLANG_WARN_DIRECT_OBJC_ISA_USAGE = YES_ERROR;
				CLANG_WARN_DOCUMENTATION_COMMENTS = YES;
				CLANG_WARN_EMPTY_BODY = YES;
				CLANG_WARN_ENUM_CONVERSION = YES;
				CLANG_WARN_INFINITE_RECURSION = YES;
				CLANG_WARN_INT_CONVERSION = YES;
				CLANG_WARN_NON_LITERAL_NULL_CONVERSION = YES;
				CLANG_WARN_OBJC_IMPLICIT_RETAIN_SELF = YES;
				CLANG_WARN_OBJC_LITERAL_CONVERSION = YES;
				CLANG_WARN_OBJC_ROOT_CLASS = YES_ERROR;
				CLANG_WARN_QUOTED_INCLUDE_IN_FRAMEWORK_HEADER = YES;
				CLANG_WARN_RANGE_LOOP_ANALYSIS = YES;
				CLANG_WARN_STRICT_PROTOTYPES = YES;
				CLANG_WARN_SUSPICIOUS_MOVE = YES;
				CLANG_WARN_UNGUARDED_AVAILABILITY = YES_AGGRESSIVE;
				CLANG_WARN_UNREACHABLE_CODE = YES;
				CLANG_WARN__DUPLICATE_METHOD_MATCH = YES;
				COPY_PHASE_STRIP = NO;
				DEBUG_INFORMATION_FORMAT = dwarf;
				ENABLE_STRICT_OBJC_MSGSEND = YES;
				ENABLE_TESTABILITY = YES;
				GCC_C_LANGUAGE_STANDARD = gnu11;
				GCC_DYNAMIC_NO_PIC = NO;
				GCC_NO_COMMON_BLOCKS = YES;
				GCC_OPTIMIZATION_LEVEL = 0;
				GCC_PREPROCESSOR_DEFINITIONS = (
					"DEBUG=1",
					"$(inherited)",
				);
				GCC_WARN_64_TO_32_BIT_CONVERSION = YES;
				GCC_WARN_ABOUT_RETURN_TYPE = YES_ERROR;
				GCC_WARN_UNDECLARED_SELECTOR = YES;
				GCC_WARN_UNINITIALIZED_AUTOS = YES_AGGRESSIVE;
				GCC_WARN_UNUSED_FUNCTION = YES;
				GCC_WARN_UNUSED_VARIABLE = YES;
				IPHONEOS_DEPLOYMENT_TARGET = 16.1;
				MTL_ENABLE_DEBUG_INFO = INCLUDE_SOURCE;
				MTL_FAST_MATH = YES;
				ONLY_ACTIVE_ARCH = YES;
				SDKROOT = iphoneos;
				SWIFT_ACTIVE_COMPILATION_CONDITIONS = DEBUG;
				SWIFT_OPTIMIZATION_LEVEL = "-Onone";
			};
			name = Debug;
		};
		021FB630295AD95F00767503 /* Release */ = {
			isa = XCBuildConfiguration;
			buildSettings = {
				ALWAYS_SEARCH_USER_PATHS = NO;
				CLANG_ANALYZER_NONNULL = YES;
				CLANG_ANALYZER_NUMBER_OBJECT_CONVERSION = YES_AGGRESSIVE;
				CLANG_CXX_LANGUAGE_STANDARD = "gnu++20";
				CLANG_ENABLE_MODULES = YES;
				CLANG_ENABLE_OBJC_ARC = YES;
				CLANG_ENABLE_OBJC_WEAK = YES;
				CLANG_WARN_BLOCK_CAPTURE_AUTORELEASING = YES;
				CLANG_WARN_BOOL_CONVERSION = YES;
				CLANG_WARN_COMMA = YES;
				CLANG_WARN_CONSTANT_CONVERSION = YES;
				CLANG_WARN_DEPRECATED_OBJC_IMPLEMENTATIONS = YES;
				CLANG_WARN_DIRECT_OBJC_ISA_USAGE = YES_ERROR;
				CLANG_WARN_DOCUMENTATION_COMMENTS = YES;
				CLANG_WARN_EMPTY_BODY = YES;
				CLANG_WARN_ENUM_CONVERSION = YES;
				CLANG_WARN_INFINITE_RECURSION = YES;
				CLANG_WARN_INT_CONVERSION = YES;
				CLANG_WARN_NON_LITERAL_NULL_CONVERSION = YES;
				CLANG_WARN_OBJC_IMPLICIT_RETAIN_SELF = YES;
				CLANG_WARN_OBJC_LITERAL_CONVERSION = YES;
				CLANG_WARN_OBJC_ROOT_CLASS = YES_ERROR;
				CLANG_WARN_QUOTED_INCLUDE_IN_FRAMEWORK_HEADER = YES;
				CLANG_WARN_RANGE_LOOP_ANALYSIS = YES;
				CLANG_WARN_STRICT_PROTOTYPES = YES;
				CLANG_WARN_SUSPICIOUS_MOVE = YES;
				CLANG_WARN_UNGUARDED_AVAILABILITY = YES_AGGRESSIVE;
				CLANG_WARN_UNREACHABLE_CODE = YES;
				CLANG_WARN__DUPLICATE_METHOD_MATCH = YES;
				COPY_PHASE_STRIP = NO;
				DEBUG_INFORMATION_FORMAT = "dwarf-with-dsym";
				ENABLE_NS_ASSERTIONS = NO;
				ENABLE_STRICT_OBJC_MSGSEND = YES;
				GCC_C_LANGUAGE_STANDARD = gnu11;
				GCC_NO_COMMON_BLOCKS = YES;
				GCC_WARN_64_TO_32_BIT_CONVERSION = YES;
				GCC_WARN_ABOUT_RETURN_TYPE = YES_ERROR;
				GCC_WARN_UNDECLARED_SELECTOR = YES;
				GCC_WARN_UNINITIALIZED_AUTOS = YES_AGGRESSIVE;
				GCC_WARN_UNUSED_FUNCTION = YES;
				GCC_WARN_UNUSED_VARIABLE = YES;
				IPHONEOS_DEPLOYMENT_TARGET = 16.1;
				MTL_ENABLE_DEBUG_INFO = NO;
				MTL_FAST_MATH = YES;
				SDKROOT = iphoneos;
				SWIFT_COMPILATION_MODE = wholemodule;
				SWIFT_OPTIMIZATION_LEVEL = "-O";
				VALIDATE_PRODUCT = YES;
			};
			name = Release;
		};
		021FB632295AD95F00767503 /* Debug */ = {
			isa = XCBuildConfiguration;
			buildSettings = {
				ASSETCATALOG_COMPILER_APPICON_NAME = AppIcon;
				ASSETCATALOG_COMPILER_GLOBAL_ACCENT_COLOR_NAME = AccentColor;
				CODE_SIGN_STYLE = Automatic;
				CURRENT_PROJECT_VERSION = 1;
				DEVELOPMENT_TEAM = SB3F8YXD39;
				GENERATE_INFOPLIST_FILE = YES;
				INFOPLIST_FILE = TestNavi/Info.plist;
				INFOPLIST_KEY_UIApplicationSupportsIndirectInputEvents = YES;
				INFOPLIST_KEY_UILaunchStoryboardName = LaunchScreen;
				INFOPLIST_KEY_UIMainStoryboardFile = Main;
				INFOPLIST_KEY_UISupportedInterfaceOrientations_iPad = "UIInterfaceOrientationPortrait UIInterfaceOrientationPortraitUpsideDown UIInterfaceOrientationLandscapeLeft UIInterfaceOrientationLandscapeRight";
				INFOPLIST_KEY_UISupportedInterfaceOrientations_iPhone = "UIInterfaceOrientationPortrait UIInterfaceOrientationLandscapeLeft UIInterfaceOrientationLandscapeRight";
				LD_RUNPATH_SEARCH_PATHS = (
					"$(inherited)",
					"@executable_path/Frameworks",
				);
				MARKETING_VERSION = 1.0;
				PRODUCT_BUNDLE_IDENTIFIER = "etet-ewe.TestNavi";
				PRODUCT_NAME = "$(TARGET_NAME)";
				SWIFT_EMIT_LOC_STRINGS = YES;
				SWIFT_VERSION = 5.0;
				TARGETED_DEVICE_FAMILY = "1,2";
			};
			name = Debug;
		};
		021FB633295AD95F00767503 /* Release */ = {
			isa = XCBuildConfiguration;
			buildSettings = {
				ASSETCATALOG_COMPILER_APPICON_NAME = AppIcon;
				ASSETCATALOG_COMPILER_GLOBAL_ACCENT_COLOR_NAME = AccentColor;
				CODE_SIGN_STYLE = Automatic;
				CURRENT_PROJECT_VERSION = 1;
				DEVELOPMENT_TEAM = SB3F8YXD39;
				GENERATE_INFOPLIST_FILE = YES;
				INFOPLIST_FILE = TestNavi/Info.plist;
				INFOPLIST_KEY_UIApplicationSupportsIndirectInputEvents = YES;
				INFOPLIST_KEY_UILaunchStoryboardName = LaunchScreen;
				INFOPLIST_KEY_UIMainStoryboardFile = Main;
				INFOPLIST_KEY_UISupportedInterfaceOrientations_iPad = "UIInterfaceOrientationPortrait UIInterfaceOrientationPortraitUpsideDown UIInterfaceOrientationLandscapeLeft UIInterfaceOrientationLandscapeRight";
				INFOPLIST_KEY_UISupportedInterfaceOrientations_iPhone = "UIInterfaceOrientationPortrait UIInterfaceOrientationLandscapeLeft UIInterfaceOrientationLandscapeRight";
				LD_RUNPATH_SEARCH_PATHS = (
					"$(inherited)",
					"@executable_path/Frameworks",
				);
				MARKETING_VERSION = 1.0;
				PRODUCT_BUNDLE_IDENTIFIER = "etet-ewe.TestNavi";
				PRODUCT_NAME = "$(TARGET_NAME)";
				SWIFT_EMIT_LOC_STRINGS = YES;
				SWIFT_VERSION = 5.0;
				TARGETED_DEVICE_FAMILY = "1,2";
			};
			name = Release;
		};
		021FB635295AD95F00767503 /* Debug */ = {
			isa = XCBuildConfiguration;
			buildSettings = {
				ALWAYS_EMBED_SWIFT_STANDARD_LIBRARIES = YES;
				BUNDLE_LOADER = "$(TEST_HOST)";
				CODE_SIGN_STYLE = Automatic;
				CURRENT_PROJECT_VERSION = 1;
				DEVELOPMENT_TEAM = SB3F8YXD39;
				GENERATE_INFOPLIST_FILE = YES;
				IPHONEOS_DEPLOYMENT_TARGET = 16.1;
				MARKETING_VERSION = 1.0;
				PRODUCT_BUNDLE_IDENTIFIER = "etet-ewe.TestNaviTests";
				PRODUCT_NAME = "$(TARGET_NAME)";
				SWIFT_EMIT_LOC_STRINGS = NO;
				SWIFT_VERSION = 5.0;
				TARGETED_DEVICE_FAMILY = "1,2";
				TEST_HOST = "$(BUILT_PRODUCTS_DIR)/TestNavi.app/$(BUNDLE_EXECUTABLE_FOLDER_PATH)/TestNavi";
			};
			name = Debug;
		};
		021FB636295AD95F00767503 /* Release */ = {
			isa = XCBuildConfiguration;
			buildSettings = {
				ALWAYS_EMBED_SWIFT_STANDARD_LIBRARIES = YES;
				BUNDLE_LOADER = "$(TEST_HOST)";
				CODE_SIGN_STYLE = Automatic;
				CURRENT_PROJECT_VERSION = 1;
				DEVELOPMENT_TEAM = SB3F8YXD39;
				GENERATE_INFOPLIST_FILE = YES;
				IPHONEOS_DEPLOYMENT_TARGET = 16.1;
				MARKETING_VERSION = 1.0;
				PRODUCT_BUNDLE_IDENTIFIER = "etet-ewe.TestNaviTests";
				PRODUCT_NAME = "$(TARGET_NAME)";
				SWIFT_EMIT_LOC_STRINGS = NO;
				SWIFT_VERSION = 5.0;
				TARGETED_DEVICE_FAMILY = "1,2";
				TEST_HOST = "$(BUILT_PRODUCTS_DIR)/TestNavi.app/$(BUNDLE_EXECUTABLE_FOLDER_PATH)/TestNavi";
			};
			name = Release;
		};
		021FB638295AD95F00767503 /* Debug */ = {
			isa = XCBuildConfiguration;
			buildSettings = {
				ALWAYS_EMBED_SWIFT_STANDARD_LIBRARIES = YES;
				CODE_SIGN_STYLE = Automatic;
				CURRENT_PROJECT_VERSION = 1;
				DEVELOPMENT_TEAM = SB3F8YXD39;
				GENERATE_INFOPLIST_FILE = YES;
				MARKETING_VERSION = 1.0;
				PRODUCT_BUNDLE_IDENTIFIER = "etet-ewe.TestNaviUITests";
				PRODUCT_NAME = "$(TARGET_NAME)";
				SWIFT_EMIT_LOC_STRINGS = NO;
				SWIFT_VERSION = 5.0;
				TARGETED_DEVICE_FAMILY = "1,2";
				TEST_TARGET_NAME = TestNavi;
			};
			name = Debug;
		};
		021FB639295AD95F00767503 /* Release */ = {
			isa = XCBuildConfiguration;
			buildSettings = {
				ALWAYS_EMBED_SWIFT_STANDARD_LIBRARIES = YES;
				CODE_SIGN_STYLE = Automatic;
				CURRENT_PROJECT_VERSION = 1;
				DEVELOPMENT_TEAM = SB3F8YXD39;
				GENERATE_INFOPLIST_FILE = YES;
				MARKETING_VERSION = 1.0;
				PRODUCT_BUNDLE_IDENTIFIER = "etet-ewe.TestNaviUITests";
				PRODUCT_NAME = "$(TARGET_NAME)";
				SWIFT_EMIT_LOC_STRINGS = NO;
				SWIFT_VERSION = 5.0;
				TARGETED_DEVICE_FAMILY = "1,2";
				TEST_TARGET_NAME = TestNavi;
			};
			name = Release;
		};
/* End XCBuildConfiguration section */

/* Begin XCConfigurationList section */
		021FB602295AD95D00767503 /* Build configuration list for PBXProject "TestNavi" */ = {
			isa = XCConfigurationList;
			buildConfigurations = (
				021FB62F295AD95F00767503 /* Debug */,
				021FB630295AD95F00767503 /* Release */,
			);
			defaultConfigurationIsVisible = 0;
			defaultConfigurationName = Release;
		};
		021FB631295AD95F00767503 /* Build configuration list for PBXNativeTarget "TestNavi" */ = {
			isa = XCConfigurationList;
			buildConfigurations = (
				021FB632295AD95F00767503 /* Debug */,
				021FB633295AD95F00767503 /* Release */,
			);
			defaultConfigurationIsVisible = 0;
			defaultConfigurationName = Release;
		};
		021FB634295AD95F00767503 /* Build configuration list for PBXNativeTarget "TestNaviTests" */ = {
			isa = XCConfigurationList;
			buildConfigurations = (
				021FB635295AD95F00767503 /* Debug */,
				021FB636295AD95F00767503 /* Release */,
			);
			defaultConfigurationIsVisible = 0;
			defaultConfigurationName = Release;
		};
		021FB637295AD95F00767503 /* Build configuration list for PBXNativeTarget "TestNaviUITests" */ = {
			isa = XCConfigurationList;
			buildConfigurations = (
				021FB638295AD95F00767503 /* Debug */,
				021FB639295AD95F00767503 /* Release */,
			);
			defaultConfigurationIsVisible = 0;
			defaultConfigurationName = Release;
		};
/* End XCConfigurationList section */
	};
	rootObject = 021FB5FF295AD95D00767503 /* Project object */;
}
